
Microsoft Visual Studio Solution File, Format Version 12.00
# Visual Studio 15
VisualStudioVersion = 15.0.28010.2026
MinimumVisualStudioVersion = 10.0.40219.1
Project("{9A19103F-16F7-4668-BE54-9A1E7A4F7556}") = "Course", "Course\Course.csproj", "{B40FB7E9-BE06-4084-8E59-6203F8F0FE09}"
EndProject
Project("{FAE04EC0-301F-11D3-BF4B-00C04F79EFBC}") = "118Ex", "118Ex\118Ex.csproj", "{02B7687C-DCDB-41E5-B1BC-6252DB8A040F}"
EndProject
Project("{FAE04EC0-301F-11D3-BF4B-00C04F79EFBC}") = "Aula121", "Aula121\Aula121.csproj", "{C4A1DD0F-A657-44C1-AEA6-073C12225562}"
EndProject
Project("{FAE04EC0-301F-11D3-BF4B-00C04F79EFBC}") = "Aula122", "Aula122\Aula122.csproj", "{E23C62EC-DC90-471F-A06B-DE256E624BFA}"
EndProject
Project("{FAE04EC0-301F-11D3-BF4B-00C04F79EFBC}") = "Aula125_126", "Aula125\Aula125_126.csproj", "{8B1A8FE1-FA68-4990-81D8-7F8A063C7CEC}"
EndProject
Project("{FAE04EC0-301F-11D3-BF4B-00C04F79EFBC}") = "Aula140", "Aula140\Aula140.csproj", "{30A746CF-C4B2-4200-8324-359B8CF597A0}"
EndProject
Project("{FAE04EC0-301F-11D3-BF4B-00C04F79EFBC}") = "Aula142", "Aula142\Aula142.csproj", "{9889B7A1-EF43-4860-9E2B-EF8170C67B81}"
EndProject
Project("{FAE04EC0-301F-11D3-BF4B-00C04F79EFBC}") = "Aula183", "Aula183\Aula183.csproj", "{FE937D9D-6EB1-4A1A-8439-1F051B1FB7C9}"
EndProject
Project("{FAE04EC0-301F-11D3-BF4B-00C04F79EFBC}") = "Aula184", "Aula184\Aula184.csproj", "{BEBABA11-DAB4-4F1F-A77E-A22615807DD8}"
EndProject
Project("{FAE04EC0-301F-11D3-BF4B-00C04F79EFBC}") = "Aula185", "Aula185\Aula185.csproj", "{EE5CAA07-A9BC-4F37-8376-8728FF1A7E07}"
EndProject
Project("{FAE04EC0-301F-11D3-BF4B-00C04F79EFBC}") = "Aula186", "Aula186\Aula186.csproj", "{FB0074B6-B99D-449D-872B-AB7A25CA89CB}"
EndProject
Project("{FAE04EC0-301F-11D3-BF4B-00C04F79EFBC}") = "Aula187", "Aula187\Aula187.csproj", "{50838F26-587C-4110-ABF3-8B869B58FD3E}"
EndProject
Project("{FAE04EC0-301F-11D3-BF4B-00C04F79EFBC}") = "Aula188", "Path\Aula188.csproj", "{3A153E3D-F128-4ECB-B1E8-BCF184E8006D}"
EndProject
Project("{FAE04EC0-301F-11D3-BF4B-00C04F79EFBC}") = "Aula190", "Aula190\Aula190.csproj", "{7929761D-95DF-41E2-B803-B49DF224EF27}"
EndProject
Project("{FAE04EC0-301F-11D3-BF4B-00C04F79EFBC}") = "Aula204", "Aula204\Aula204.csproj", "{3DA43609-DAB4-41B3-B9C5-11DADA5D3B5B}"
EndProject
Project("{FAE04EC0-301F-11D3-BF4B-00C04F79EFBC}") = "Aula211", "Aula211\Aula211.csproj", "{577002EA-F696-45FD-9FE3-8ACDCE7A6B0F}"
EndProject
Global
	GlobalSection(SolutionConfigurationPlatforms) = preSolution
		Debug|Any CPU = Debug|Any CPU
		Release|Any CPU = Release|Any CPU
	EndGlobalSection
	GlobalSection(ProjectConfigurationPlatforms) = postSolution
		{B40FB7E9-BE06-4084-8E59-6203F8F0FE09}.Debug|Any CPU.ActiveCfg = Debug|Any CPU
		{B40FB7E9-BE06-4084-8E59-6203F8F0FE09}.Debug|Any CPU.Build.0 = Debug|Any CPU
		{B40FB7E9-BE06-4084-8E59-6203F8F0FE09}.Release|Any CPU.ActiveCfg = Release|Any CPU
		{B40FB7E9-BE06-4084-8E59-6203F8F0FE09}.Release|Any CPU.Build.0 = Release|Any CPU
		{02B7687C-DCDB-41E5-B1BC-6252DB8A040F}.Debug|Any CPU.ActiveCfg = Debug|Any CPU
		{02B7687C-DCDB-41E5-B1BC-6252DB8A040F}.Debug|Any CPU.Build.0 = Debug|Any CPU
		{02B7687C-DCDB-41E5-B1BC-6252DB8A040F}.Release|Any CPU.ActiveCfg = Release|Any CPU
		{02B7687C-DCDB-41E5-B1BC-6252DB8A040F}.Release|Any CPU.Build.0 = Release|Any CPU
		{C4A1DD0F-A657-44C1-AEA6-073C12225562}.Debug|Any CPU.ActiveCfg = Debug|Any CPU
		{C4A1DD0F-A657-44C1-AEA6-073C12225562}.Debug|Any CPU.Build.0 = Debug|Any CPU
		{C4A1DD0F-A657-44C1-AEA6-073C12225562}.Release|Any CPU.ActiveCfg = Release|Any CPU
		{C4A1DD0F-A657-44C1-AEA6-073C12225562}.Release|Any CPU.Build.0 = Release|Any CPU
		{E23C62EC-DC90-471F-A06B-DE256E624BFA}.Debug|Any CPU.ActiveCfg = Debug|Any CPU
		{E23C62EC-DC90-471F-A06B-DE256E624BFA}.Debug|Any CPU.Build.0 = Debug|Any CPU
		{E23C62EC-DC90-471F-A06B-DE256E624BFA}.Release|Any CPU.ActiveCfg = Release|Any CPU
		{E23C62EC-DC90-471F-A06B-DE256E624BFA}.Release|Any CPU.Build.0 = Release|Any CPU
		{8B1A8FE1-FA68-4990-81D8-7F8A063C7CEC}.Debug|Any CPU.ActiveCfg = Debug|Any CPU
		{8B1A8FE1-FA68-4990-81D8-7F8A063C7CEC}.Debug|Any CPU.Build.0 = Debug|Any CPU
		{8B1A8FE1-FA68-4990-81D8-7F8A063C7CEC}.Release|Any CPU.ActiveCfg = Release|Any CPU
		{8B1A8FE1-FA68-4990-81D8-7F8A063C7CEC}.Release|Any CPU.Build.0 = Release|Any CPU
		{30A746CF-C4B2-4200-8324-359B8CF597A0}.Debug|Any CPU.ActiveCfg = Debug|Any CPU
		{30A746CF-C4B2-4200-8324-359B8CF597A0}.Debug|Any CPU.Build.0 = Debug|Any CPU
		{30A746CF-C4B2-4200-8324-359B8CF597A0}.Release|Any CPU.ActiveCfg = Release|Any CPU
		{30A746CF-C4B2-4200-8324-359B8CF597A0}.Release|Any CPU.Build.0 = Release|Any CPU
		{9889B7A1-EF43-4860-9E2B-EF8170C67B81}.Debug|Any CPU.ActiveCfg = Debug|Any CPU
		{9889B7A1-EF43-4860-9E2B-EF8170C67B81}.Debug|Any CPU.Build.0 = Debug|Any CPU
		{9889B7A1-EF43-4860-9E2B-EF8170C67B81}.Release|Any CPU.ActiveCfg = Release|Any CPU
		{9889B7A1-EF43-4860-9E2B-EF8170C67B81}.Release|Any CPU.Build.0 = Release|Any CPU
		{FE937D9D-6EB1-4A1A-8439-1F051B1FB7C9}.Debug|Any CPU.ActiveCfg = Debug|Any CPU
		{FE937D9D-6EB1-4A1A-8439-1F051B1FB7C9}.Debug|Any CPU.Build.0 = Debug|Any CPU
		{FE937D9D-6EB1-4A1A-8439-1F051B1FB7C9}.Release|Any CPU.ActiveCfg = Release|Any CPU
		{FE937D9D-6EB1-4A1A-8439-1F051B1FB7C9}.Release|Any CPU.Build.0 = Release|Any CPU
		{BEBABA11-DAB4-4F1F-A77E-A22615807DD8}.Debug|Any CPU.ActiveCfg = Debug|Any CPU
		{BEBABA11-DAB4-4F1F-A77E-A22615807DD8}.Debug|Any CPU.Build.0 = Debug|Any CPU
		{BEBABA11-DAB4-4F1F-A77E-A22615807DD8}.Release|Any CPU.ActiveCfg = Release|Any CPU
		{BEBABA11-DAB4-4F1F-A77E-A22615807DD8}.Release|Any CPU.Build.0 = Release|Any CPU
		{EE5CAA07-A9BC-4F37-8376-8728FF1A7E07}.Debug|Any CPU.ActiveCfg = Debug|Any CPU
		{EE5CAA07-A9BC-4F37-8376-8728FF1A7E07}.Debug|Any CPU.Build.0 = Debug|Any CPU
		{EE5CAA07-A9BC-4F37-8376-8728FF1A7E07}.Release|Any CPU.ActiveCfg = Release|Any CPU
		{EE5CAA07-A9BC-4F37-8376-8728FF1A7E07}.Release|Any CPU.Build.0 = Release|Any CPU
		{FB0074B6-B99D-449D-872B-AB7A25CA89CB}.Debug|Any CPU.ActiveCfg = Debug|Any CPU
		{FB0074B6-B99D-449D-872B-AB7A25CA89CB}.Debug|Any CPU.Build.0 = Debug|Any CPU
		{FB0074B6-B99D-449D-872B-AB7A25CA89CB}.Release|Any CPU.ActiveCfg = Release|Any CPU
		{FB0074B6-B99D-449D-872B-AB7A25CA89CB}.Release|Any CPU.Build.0 = Release|Any CPU
		{50838F26-587C-4110-ABF3-8B869B58FD3E}.Debug|Any CPU.ActiveCfg = Debug|Any CPU
		{50838F26-587C-4110-ABF3-8B869B58FD3E}.Debug|Any CPU.Build.0 = Debug|Any CPU
		{50838F26-587C-4110-ABF3-8B869B58FD3E}.Release|Any CPU.ActiveCfg = Release|Any CPU
		{50838F26-587C-4110-ABF3-8B869B58FD3E}.Release|Any CPU.Build.0 = Release|Any CPU
		{3A153E3D-F128-4ECB-B1E8-BCF184E8006D}.Debug|Any CPU.ActiveCfg = Debug|Any CPU
		{3A153E3D-F128-4ECB-B1E8-BCF184E8006D}.Debug|Any CPU.Build.0 = Debug|Any CPU
		{3A153E3D-F128-4ECB-B1E8-BCF184E8006D}.Release|Any CPU.ActiveCfg = Release|Any CPU
		{3A153E3D-F128-4ECB-B1E8-BCF184E8006D}.Release|Any CPU.Build.0 = Release|Any CPU
		{7929761D-95DF-41E2-B803-B49DF224EF27}.Debug|Any CPU.ActiveCfg = Debug|Any CPU
		{7929761D-95DF-41E2-B803-B49DF224EF27}.Debug|Any CPU.Build.0 = Debug|Any CPU
		{7929761D-95DF-41E2-B803-B49DF224EF27}.Release|Any CPU.ActiveCfg = Release|Any CPU
		{7929761D-95DF-41E2-B803-B49DF224EF27}.Release|Any CPU.Build.0 = Release|Any CPU
		{3DA43609-DAB4-41B3-B9C5-11DADA5D3B5B}.Debug|Any CPU.ActiveCfg = Debug|Any CPU
		{3DA43609-DAB4-41B3-B9C5-11DADA5D3B5B}.Debug|Any CPU.Build.0 = Debug|Any CPU
		{3DA43609-DAB4-41B3-B9C5-11DADA5D3B5B}.Release|Any CPU.ActiveCfg = Release|Any CPU
		{3DA43609-DAB4-41B3-B9C5-11DADA5D3B5B}.Release|Any CPU.Build.0 = Release|Any CPU
		{577002EA-F696-45FD-9FE3-8ACDCE7A6B0F}.Debug|Any CPU.ActiveCfg = Debug|Any CPU
		{577002EA-F696-45FD-9FE3-8ACDCE7A6B0F}.Debug|Any CPU.Build.0 = Debug|Any CPU
		{577002EA-F696-45FD-9FE3-8ACDCE7A6B0F}.Release|Any CPU.ActiveCfg = Release|Any CPU
		{577002EA-F696-45FD-9FE3-8ACDCE7A6B0F}.Release|Any CPU.Build.0 = Release|Any CPU
	EndGlobalSection
	GlobalSection(SolutionProperties) = preSolution
		HideSolutionNode = FALSE
	EndGlobalSection
	GlobalSection(ExtensibilityGlobals) = postSolution
		SolutionGuid = {388FB62C-3C56-4262-8687-4012CE7D4B18}
	EndGlobalSection
EndGlobal
