
Microsoft Visual Studio Solution File, Format Version 12.00
# Visual Studio 15
VisualStudioVersion = 15.0.28010.2026
MinimumVisualStudioVersion = 10.0.40219.1
Project("{9A19103F-16F7-4668-BE54-9A1E7A4F7556}") = "Course", "Course\Course.csproj", "{B40FB7E9-BE06-4084-8E59-6203F8F0FE09}"
EndProject
Project("{FAE04EC0-301F-11D3-BF4B-00C04F79EFBC}") = "118Ex", "118Ex\118Ex.csproj", "{02B7687C-DCDB-41E5-B1BC-6252DB8A040F}"
EndProject
Project("{FAE04EC0-301F-11D3-BF4B-00C04F79EFBC}") = "Aula121", "Aula121\Aula121.csproj", "{C4A1DD0F-A657-44C1-AEA6-073C12225562}"
EndProject
Project("{FAE04EC0-301F-11D3-BF4B-00C04F79EFBC}") = "Aula122", "Aula122\Aula122.csproj", "{E23C62EC-DC90-471F-A06B-DE256E624BFA}"
EndProject
Project("{FAE04EC0-301F-11D3-BF4B-00C04F79EFBC}") = "Aula125_126", "Aula125\Aula125_126.csproj", "{8B1A8FE1-FA68-4990-81D8-7F8A063C7CEC}"
EndProject
Global
	GlobalSection(SolutionConfigurationPlatforms) = preSolution
		Debug|Any CPU = Debug|Any CPU
		Release|Any CPU = Release|Any CPU
	EndGlobalSection
	GlobalSection(ProjectConfigurationPlatforms) = postSolution
		{B40FB7E9-BE06-4084-8E59-6203F8F0FE09}.Debug|Any CPU.ActiveCfg = Debug|Any CPU
		{B40FB7E9-BE06-4084-8E59-6203F8F0FE09}.Debug|Any CPU.Build.0 = Debug|Any CPU
		{B40FB7E9-BE06-4084-8E59-6203F8F0FE09}.Release|Any CPU.ActiveCfg = Release|Any CPU
		{B40FB7E9-BE06-4084-8E59-6203F8F0FE09}.Release|Any CPU.Build.0 = Release|Any CPU
		{02B7687C-DCDB-41E5-B1BC-6252DB8A040F}.Debug|Any CPU.ActiveCfg = Debug|Any CPU
		{02B7687C-DCDB-41E5-B1BC-6252DB8A040F}.Debug|Any CPU.Build.0 = Debug|Any CPU
		{02B7687C-DCDB-41E5-B1BC-6252DB8A040F}.Release|Any CPU.ActiveCfg = Release|Any CPU
		{02B7687C-DCDB-41E5-B1BC-6252DB8A040F}.Release|Any CPU.Build.0 = Release|Any CPU
		{C4A1DD0F-A657-44C1-AEA6-073C12225562}.Debug|Any CPU.ActiveCfg = Debug|Any CPU
		{C4A1DD0F-A657-44C1-AEA6-073C12225562}.Debug|Any CPU.Build.0 = Debug|Any CPU
		{C4A1DD0F-A657-44C1-AEA6-073C12225562}.Release|Any CPU.ActiveCfg = Release|Any CPU
		{C4A1DD0F-A657-44C1-AEA6-073C12225562}.Release|Any CPU.Build.0 = Release|Any CPU
		{E23C62EC-DC90-471F-A06B-DE256E624BFA}.Debug|Any CPU.ActiveCfg = Debug|Any CPU
		{E23C62EC-DC90-471F-A06B-DE256E624BFA}.Debug|Any CPU.Build.0 = Debug|Any CPU
		{E23C62EC-DC90-471F-A06B-DE256E624BFA}.Release|Any CPU.ActiveCfg = Release|Any CPU
		{E23C62EC-DC90-471F-A06B-DE256E624BFA}.Release|Any CPU.Build.0 = Release|Any CPU
		{8B1A8FE1-FA68-4990-81D8-7F8A063C7CEC}.Debug|Any CPU.ActiveCfg = Debug|Any CPU
		{8B1A8FE1-FA68-4990-81D8-7F8A063C7CEC}.Debug|Any CPU.Build.0 = Debug|Any CPU
		{8B1A8FE1-FA68-4990-81D8-7F8A063C7CEC}.Release|Any CPU.ActiveCfg = Release|Any CPU
		{8B1A8FE1-FA68-4990-81D8-7F8A063C7CEC}.Release|Any CPU.Build.0 = Release|Any CPU
	EndGlobalSection
	GlobalSection(SolutionProperties) = preSolution
		HideSolutionNode = FALSE
	EndGlobalSection
	GlobalSection(ExtensibilityGlobals) = postSolution
		SolutionGuid = {388FB62C-3C56-4262-8687-4012CE7D4B18}
	EndGlobalSection
EndGlobal
